
Microsoft Visual Studio Solution File, Format Version 12.00
# Visual Studio Version 17
VisualStudioVersion = 17.2.32526.322
MinimumVisualStudioVersion = 10.0.40219.1
Project("{FAE04EC0-301F-11D3-BF4B-00C04F79EFBC}") = "Soru-3", "Soru-3.csproj", "{8757A364-8607-469A-80E7-E02954F89C57}"
EndProject
Global
	GlobalSection(SolutionConfigurationPlatforms) = preSolution
		Debug|Any CPU = Debug|Any CPU
		Release|Any CPU = Release|Any CPU
	EndGlobalSection
	GlobalSection(ProjectConfigurationPlatforms) = postSolution
		{8757A364-8607-469A-80E7-E02954F89C57}.Debug|Any CPU.ActiveCfg = Debug|Any CPU
		{8757A364-8607-469A-80E7-E02954F89C57}.Debug|Any CPU.Build.0 = Debug|Any CPU
		{8757A364-8607-469A-80E7-E02954F89C57}.Release|Any CPU.ActiveCfg = Release|Any CPU
		{8757A364-8607-469A-80E7-E02954F89C57}.Release|Any CPU.Build.0 = Release|Any CPU
	EndGlobalSection
	GlobalSection(SolutionProperties) = preSolution
		HideSolutionNode = FALSE
	EndGlobalSection
	GlobalSection(ExtensibilityGlobals) = postSolution
		SolutionGuid = {6138245A-E7EF-4D07-9213-21A9E37A9D0A}
	EndGlobalSection
EndGlobal
